
Microsoft Visual Studio Solution File, Format Version 12.00
# Visual Studio 15
VisualStudioVersion = 15.0.28010.2046
MinimumVisualStudioVersion = 10.0.40219.1
Project("{FAE04EC0-301F-11D3-BF4B-00C04F79EFBC}") = "Kurs", "Kurs\Kurs.csproj", "{4659AC3E-42D5-49D8-ADB0-D2983293BAD8}"
EndProject
Project("{FAE04EC0-301F-11D3-BF4B-00C04F79EFBC}") = "UnitTestKurs", "UnitTestKurs\UnitTestKurs.csproj", "{A6270F71-FA15-4580-8B0C-CC36DB05BD4F}"
EndProject
Global
	GlobalSection(SolutionConfigurationPlatforms) = preSolution
		Debug|Any CPU = Debug|Any CPU
		Release|Any CPU = Release|Any CPU
	EndGlobalSection
	GlobalSection(ProjectConfigurationPlatforms) = postSolution
		{4659AC3E-42D5-49D8-ADB0-D2983293BAD8}.Debug|Any CPU.ActiveCfg = Debug|Any CPU
		{4659AC3E-42D5-49D8-ADB0-D2983293BAD8}.Debug|Any CPU.Build.0 = Debug|Any CPU
		{4659AC3E-42D5-49D8-ADB0-D2983293BAD8}.Release|Any CPU.ActiveCfg = Release|Any CPU
		{4659AC3E-42D5-49D8-ADB0-D2983293BAD8}.Release|Any CPU.Build.0 = Release|Any CPU
		{A6270F71-FA15-4580-8B0C-CC36DB05BD4F}.Debug|Any CPU.ActiveCfg = Debug|Any CPU
		{A6270F71-FA15-4580-8B0C-CC36DB05BD4F}.Debug|Any CPU.Build.0 = Debug|Any CPU
		{A6270F71-FA15-4580-8B0C-CC36DB05BD4F}.Release|Any CPU.ActiveCfg = Release|Any CPU
		{A6270F71-FA15-4580-8B0C-CC36DB05BD4F}.Release|Any CPU.Build.0 = Release|Any CPU
	EndGlobalSection
	GlobalSection(SolutionProperties) = preSolution
		HideSolutionNode = FALSE
	EndGlobalSection
	GlobalSection(ExtensibilityGlobals) = postSolution
		SolutionGuid = {092C307F-2C07-42BD-9AD1-E0228AAFF119}
	EndGlobalSection
EndGlobal
